
Microsoft Visual Studio Solution File, Format Version 12.00
# Visual Studio Version 17
VisualStudioVersion = 17.11.35327.3
MinimumVisualStudioVersion = 10.0.40219.1
Project("{FAE04EC0-301F-11D3-BF4B-00C04F79EFBC}") = "10.EscriturasDeControlCiclicas", "10.EscriturasDeControlCiclicas\10.EscriturasDeControlCiclicas.csproj", "{1CD87E57-68F1-408A-B820-6FE8CDCCD614}"
EndProject
Global
	GlobalSection(SolutionConfigurationPlatforms) = preSolution
		Debug|Any CPU = Debug|Any CPU
		Release|Any CPU = Release|Any CPU
	EndGlobalSection
	GlobalSection(ProjectConfigurationPlatforms) = postSolution
		{1CD87E57-68F1-408A-B820-6FE8CDCCD614}.Debug|Any CPU.ActiveCfg = Debug|Any CPU
		{1CD87E57-68F1-408A-B820-6FE8CDCCD614}.Debug|Any CPU.Build.0 = Debug|Any CPU
		{1CD87E57-68F1-408A-B820-6FE8CDCCD614}.Release|Any CPU.ActiveCfg = Release|Any CPU
		{1CD87E57-68F1-408A-B820-6FE8CDCCD614}.Release|Any CPU.Build.0 = Release|Any CPU
	EndGlobalSection
	GlobalSection(SolutionProperties) = preSolution
		HideSolutionNode = FALSE
	EndGlobalSection
	GlobalSection(ExtensibilityGlobals) = postSolution
		SolutionGuid = {A8750803-0762-4432-B07F-49B33992DB31}
	EndGlobalSection
EndGlobal
