
Microsoft Visual Studio Solution File, Format Version 12.00
# Visual Studio Version 17
VisualStudioVersion = 17.14.36429.23 d17.14
MinimumVisualStudioVersion = 10.0.40219.1
Project("{FAE04EC0-301F-11D3-BF4B-00C04F79EFBC}") = "23.Arreglos", "23.Arreglos\23.Arreglos.csproj", "{CE5E2612-2ECF-4776-AFE9-60ABF4A932D9}"
EndProject
Global
	GlobalSection(SolutionConfigurationPlatforms) = preSolution
		Debug|Any CPU = Debug|Any CPU
		Release|Any CPU = Release|Any CPU
	EndGlobalSection
	GlobalSection(ProjectConfigurationPlatforms) = postSolution
		{CE5E2612-2ECF-4776-AFE9-60ABF4A932D9}.Debug|Any CPU.ActiveCfg = Debug|Any CPU
		{CE5E2612-2ECF-4776-AFE9-60ABF4A932D9}.Debug|Any CPU.Build.0 = Debug|Any CPU
		{CE5E2612-2ECF-4776-AFE9-60ABF4A932D9}.Release|Any CPU.ActiveCfg = Release|Any CPU
		{CE5E2612-2ECF-4776-AFE9-60ABF4A932D9}.Release|Any CPU.Build.0 = Release|Any CPU
	EndGlobalSection
	GlobalSection(SolutionProperties) = preSolution
		HideSolutionNode = FALSE
	EndGlobalSection
	GlobalSection(ExtensibilityGlobals) = postSolution
		SolutionGuid = {4AF2F491-82D3-4CB7-9C2B-5B4019DB5914}
	EndGlobalSection
EndGlobal
