
Microsoft Visual Studio Solution File, Format Version 12.00
# Visual Studio Version 17
VisualStudioVersion = 17.14.36301.6 d17.14
MinimumVisualStudioVersion = 10.0.40219.1
Project("{FAE04EC0-301F-11D3-BF4B-00C04F79EFBC}") = "7.OperadoresTernarios", "7.OperadoresTernarios\7.OperadoresTernarios.csproj", "{40F03E78-B065-430B-9209-E545ED95BD1C}"
EndProject
Global
	GlobalSection(SolutionConfigurationPlatforms) = preSolution
		Debug|Any CPU = Debug|Any CPU
		Release|Any CPU = Release|Any CPU
	EndGlobalSection
	GlobalSection(ProjectConfigurationPlatforms) = postSolution
		{40F03E78-B065-430B-9209-E545ED95BD1C}.Debug|Any CPU.ActiveCfg = Debug|Any CPU
		{40F03E78-B065-430B-9209-E545ED95BD1C}.Debug|Any CPU.Build.0 = Debug|Any CPU
		{40F03E78-B065-430B-9209-E545ED95BD1C}.Release|Any CPU.ActiveCfg = Release|Any CPU
		{40F03E78-B065-430B-9209-E545ED95BD1C}.Release|Any CPU.Build.0 = Release|Any CPU
	EndGlobalSection
	GlobalSection(SolutionProperties) = preSolution
		HideSolutionNode = FALSE
	EndGlobalSection
	GlobalSection(ExtensibilityGlobals) = postSolution
		SolutionGuid = {1871AA19-8735-4AAD-BB3F-7BD9A4A4A052}
	EndGlobalSection
EndGlobal
