
Microsoft Visual Studio Solution File, Format Version 12.00
# Visual Studio Version 17
VisualStudioVersion = 17.14.36511.14 d17.14
MinimumVisualStudioVersion = 10.0.40219.1
Project("{FAE04EC0-301F-11D3-BF4B-00C04F79EFBC}") = "TallerModular", "TallerModular\TallerModular.csproj", "{7D255AFB-1928-4C79-9FF1-A678895556FF}"
EndProject
Global
	GlobalSection(SolutionConfigurationPlatforms) = preSolution
		Debug|Any CPU = Debug|Any CPU
		Release|Any CPU = Release|Any CPU
	EndGlobalSection
	GlobalSection(ProjectConfigurationPlatforms) = postSolution
		{7D255AFB-1928-4C79-9FF1-A678895556FF}.Debug|Any CPU.ActiveCfg = Debug|Any CPU
		{7D255AFB-1928-4C79-9FF1-A678895556FF}.Debug|Any CPU.Build.0 = Debug|Any CPU
		{7D255AFB-1928-4C79-9FF1-A678895556FF}.Release|Any CPU.ActiveCfg = Release|Any CPU
		{7D255AFB-1928-4C79-9FF1-A678895556FF}.Release|Any CPU.Build.0 = Release|Any CPU
	EndGlobalSection
	GlobalSection(SolutionProperties) = preSolution
		HideSolutionNode = FALSE
	EndGlobalSection
	GlobalSection(ExtensibilityGlobals) = postSolution
		SolutionGuid = {7C4B33F2-C5A4-42D5-9B8C-AE724EAF184A}
	EndGlobalSection
EndGlobal
