
Microsoft Visual Studio Solution File, Format Version 12.00
# Visual Studio Version 17
VisualStudioVersion = 17.14.36301.6 d17.14
MinimumVisualStudioVersion = 10.0.40219.1
Project("{FAE04EC0-301F-11D3-BF4B-00C04F79EFBC}") = "5.CondicionalAnidado", "5.CondicionalAnidado\5.CondicionalAnidado.csproj", "{1CEB85B2-347E-42DC-9D61-4C9D8F823044}"
EndProject
Global
	GlobalSection(SolutionConfigurationPlatforms) = preSolution
		Debug|Any CPU = Debug|Any CPU
		Release|Any CPU = Release|Any CPU
	EndGlobalSection
	GlobalSection(ProjectConfigurationPlatforms) = postSolution
		{1CEB85B2-347E-42DC-9D61-4C9D8F823044}.Debug|Any CPU.ActiveCfg = Debug|Any CPU
		{1CEB85B2-347E-42DC-9D61-4C9D8F823044}.Debug|Any CPU.Build.0 = Debug|Any CPU
		{1CEB85B2-347E-42DC-9D61-4C9D8F823044}.Release|Any CPU.ActiveCfg = Release|Any CPU
		{1CEB85B2-347E-42DC-9D61-4C9D8F823044}.Release|Any CPU.Build.0 = Release|Any CPU
	EndGlobalSection
	GlobalSection(SolutionProperties) = preSolution
		HideSolutionNode = FALSE
	EndGlobalSection
	GlobalSection(ExtensibilityGlobals) = postSolution
		SolutionGuid = {8D0A1A39-79B0-47D9-B237-859241C2B469}
	EndGlobalSection
EndGlobal
