
Microsoft Visual Studio Solution File, Format Version 12.00
# Visual Studio Version 17
VisualStudioVersion = 17.14.36511.14 d17.14
MinimumVisualStudioVersion = 10.0.40219.1
Project("{FAE04EC0-301F-11D3-BF4B-00C04F79EFBC}") = "31.Modular", "31.Modular\31.Modular.csproj", "{A14CD0DE-0CB6-4EF8-A293-B22DF7F859F7}"
EndProject
Global
	GlobalSection(SolutionConfigurationPlatforms) = preSolution
		Debug|Any CPU = Debug|Any CPU
		Release|Any CPU = Release|Any CPU
	EndGlobalSection
	GlobalSection(ProjectConfigurationPlatforms) = postSolution
		{A14CD0DE-0CB6-4EF8-A293-B22DF7F859F7}.Debug|Any CPU.ActiveCfg = Debug|Any CPU
		{A14CD0DE-0CB6-4EF8-A293-B22DF7F859F7}.Debug|Any CPU.Build.0 = Debug|Any CPU
		{A14CD0DE-0CB6-4EF8-A293-B22DF7F859F7}.Release|Any CPU.ActiveCfg = Release|Any CPU
		{A14CD0DE-0CB6-4EF8-A293-B22DF7F859F7}.Release|Any CPU.Build.0 = Release|Any CPU
	EndGlobalSection
	GlobalSection(SolutionProperties) = preSolution
		HideSolutionNode = FALSE
	EndGlobalSection
	GlobalSection(ExtensibilityGlobals) = postSolution
		SolutionGuid = {B71FBB7E-95D2-4A82-8537-1D6028458B5E}
	EndGlobalSection
EndGlobal
